# Generated by move; do not edit
# This file should be checked in.

[move]
version = 4

[pinned.mainnet.MoveStdlib]
source = { git = "https://github.com/MystenLabs/sui.git", subdir = 'crates\sui-framework\packages\move-stdlib', rev = "2f5992f189cd24445cd010ccf0aa7ff418ff93b1" }
use_environment = "mainnet"
manifest_digest = "C4FE4C91DE74CBF223B2E380AE40F592177D21870DC2D7EB6227D2D694E05363"
deps = {}

[pinned.mainnet.MoveStdlib_1]
source = { git = "https://github.com/MystenLabs/sui.git", subdir = 'crates\sui-framework\packages\move-stdlib', rev = "73dd2c2ba6f9fdb21d7ffde2b50a3f2f0ac39bc1" }
use_environment = "mainnet"
manifest_digest = "C4FE4C91DE74CBF223B2E380AE40F592177D21870DC2D7EB6227D2D694E05363"
deps = {}

[pinned.mainnet.Sui]
source = { git = "https://github.com/MystenLabs/sui.git", subdir = 'crates\sui-framework\packages\sui-framework', rev = "2f5992f189cd24445cd010ccf0aa7ff418ff93b1" }
use_environment = "mainnet"
manifest_digest = "CD547CB1ACCE0880C835DAED2D8FFCB91D56C833AE5240D3AA5B918398263195"
deps = { MoveStdlib = "MoveStdlib" }

[pinned.mainnet.Sui_1]
source = { git = "https://github.com/MystenLabs/sui.git", subdir = 'crates\sui-framework\packages\sui-framework', rev = "73dd2c2ba6f9fdb21d7ffde2b50a3f2f0ac39bc1" }
use_environment = "mainnet"
manifest_digest = "CD547CB1ACCE0880C835DAED2D8FFCB91D56C833AE5240D3AA5B918398263195"
deps = { MoveStdlib = "MoveStdlib_1" }

[pinned.mainnet.chromatika_policy]
source = { root = true }
use_environment = "mainnet"
manifest_digest = "93D94C040BE8E4BB389EC9E660591183D9EA75222F84879D83074190BC1E26C0"
deps = { MoveStdlib = "MoveStdlib", Sui = "Sui", ika = "ika", ika_common = "ika_common", ika_dwallet_2pc_mpc = "ika_dwallet_2pc_mpc" }

[pinned.mainnet.ika]
source = { git = "https://github.com/dwallet-labs/ika.git", subdir = 'deployed_contracts\mainnet\ika', rev = "8646661ff7df66e4efc8388d95c672f380c58278" }
use_environment = "mainnet"
manifest_digest = "E41BBD67BE8940D26C79D78B028477EF5B33BA217A1282C78ACB344CF8A5ECF6"
deps = { std = "MoveStdlib_1", sui = "Sui_1" }

[pinned.mainnet.ika_common]
source = { git = "https://github.com/dwallet-labs/ika.git", subdir = 'deployed_contracts\mainnet\ika_common', rev = "8646661ff7df66e4efc8388d95c672f380c58278" }
use_environment = "mainnet"
manifest_digest = "D36CD1733678FE081C92B2A37E772A012C9364AC3DE03B3BBBD70ED2EE8E97A7"
deps = { ika = "ika", std = "MoveStdlib_1", sui = "Sui_1" }

[pinned.mainnet.ika_dwallet_2pc_mpc]
source = { git = "https://github.com/dwallet-labs/ika.git", subdir = 'deployed_contracts\mainnet\ika_dwallet_2pc_mpc', rev = "8646661ff7df66e4efc8388d95c672f380c58278" }
use_environment = "mainnet"
manifest_digest = "681106F043512193CEBA9D68DF32D51DD685ED0C13382F1F9F04505E1DAF0813"
deps = { ika = "ika", ika_common = "ika_common", std = "MoveStdlib_1", sui = "Sui_1" }
